{
  "name": "@singleware/ui-editor",
  "version": "1.0.3",
  "lockfileVersion": 1,
  "requires": true,
  "dependencies": {
    "@singleware/class": {
      "version": "1.1.9",
      "resolved": "https://registry.npmjs.org/@singleware/class/-/class-1.1.9.tgz",
      "integrity": "sha512-YQ6Z7tO2SJgRM9M5vmjslwRpjy4ijOgzV3Y+9ryRnjCBaTEBOnfy5lL/asAjMER2ycAZvlCk7zknST3kR9QXWA=="
    },
    "@singleware/jsx": {
      "version": "1.0.11",
      "resolved": "https://registry.npmjs.org/@singleware/jsx/-/jsx-1.0.11.tgz",
      "integrity": "sha512-YIfRxMcQpj/Bt3u5V2+SYLrueeZFmXBPszxRU5aCiB6OE7rpP0MDRHu1PLBYpeRv4Kfvc8MprM2k7EhwJ28D2w==",
      "requires": {
        "@singleware/class": "^1.1.9"
      }
    },
    "@singleware/ui-control": {
      "version": "1.0.11",
      "resolved": "https://registry.npmjs.org/@singleware/ui-control/-/ui-control-1.0.11.tgz",
      "integrity": "sha512-yV7H0JpFNH7zFflUx49VI9FsXrHQU9/zSqTjWWfQrX4bwJlDd1b25GswDwkdRq4TX9+Ho/nlpcr7rfUZKXH8Sg==",
      "requires": {
        "@singleware/class": "^1.1.9",
        "@singleware/jsx": "^1.0.11"
      }
    },
    "prettier": {
      "version": "1.14.2",
      "resolved": "https://registry.npmjs.org/prettier/-/prettier-1.14.2.tgz",
      "integrity": "sha512-McHPg0n1pIke+A/4VcaS2en+pTNjy4xF+Uuq86u/5dyDO59/TtFZtQ708QIRkEZ3qwKz3GVkVa6mpxK/CpB8Rg==",
      "dev": true
    },
    "typescript": {
      "version": "2.9.2",
      "resolved": "https://registry.npmjs.org/typescript/-/typescript-2.9.2.tgz",
      "integrity": "sha512-Gr4p6nFNaoufRIY4NMdpQRNmgxVIGMs4Fcu/ujdYk3nAZqk7supzBE9idmvfZIlH/Cuj//dvi+019qEue9lV0w==",
      "dev": true
    }
  }
}
