{
  "name": "@singleware/ui-editor",
  "version": "1.0.25",
  "lockfileVersion": 1,
  "requires": true,
  "dependencies": {
    "@singleware/class": {
      "version": "1.1.19",
      "resolved": "https://registry.npmjs.org/@singleware/class/-/class-1.1.19.tgz",
      "integrity": "sha512-WDZ+FF8Y+HCMvO3FDbl1id2AT/1GK96DQsg4ukmK3ESqudppbXXVzQe7UdaQJFpWw8yBifm+zAucUgGufXtQiQ=="
    },
    "@singleware/jsx": {
      "version": "1.0.20",
      "resolved": "https://registry.npmjs.org/@singleware/jsx/-/jsx-1.0.20.tgz",
      "integrity": "sha512-jeAAQx41hQFtl4GxNRbtc2Jh62ws8eF2EGODBPoPCcQdyfy2R7mrHZUw4yVDExyxJQRgz2CTh9+whoiBlO/ynA==",
      "requires": {
        "@singleware/class": "^1.1.14"
      }
    },
    "@singleware/oss": {
      "version": "1.0.2",
      "resolved": "https://registry.npmjs.org/@singleware/oss/-/oss-1.0.2.tgz",
      "integrity": "sha512-INSFv6jBrgQJ3m49eDEY1532Cpa2r4SSQIQbqKDspb+yjb1UF/EW+dMya36UyARCdaufTpgMHZVKnPYjyWBxBw==",
      "requires": {
        "@singleware/class": "^1.1.19"
      }
    },
    "@singleware/ui-control": {
      "version": "1.1.10",
      "resolved": "https://registry.npmjs.org/@singleware/ui-control/-/ui-control-1.1.10.tgz",
      "integrity": "sha512-Pe/+gSQAgvY8leqKwZQtxMCBasJ2HjNJ1LC0fxSag9vpO6fQaiOpCi+29Bq3mIlhEMzVm8i5n3IVQ+IdR8H9dg==",
      "requires": {
        "@singleware/class": "^1.1.14",
        "@singleware/jsx": "^1.0.18"
      }
    },
    "prettier": {
      "version": "1.16.4",
      "resolved": "https://registry.npmjs.org/prettier/-/prettier-1.16.4.tgz",
      "integrity": "sha512-ZzWuos7TI5CKUeQAtFd6Zhm2s6EpAD/ZLApIhsF9pRvRtM1RFo61dM/4MSRUA0SuLugA/zgrZD8m0BaY46Og7g==",
      "dev": true
    },
    "typescript": {
      "version": "2.9.2",
      "resolved": "https://registry.npmjs.org/typescript/-/typescript-2.9.2.tgz",
      "integrity": "sha512-Gr4p6nFNaoufRIY4NMdpQRNmgxVIGMs4Fcu/ujdYk3nAZqk7supzBE9idmvfZIlH/Cuj//dvi+019qEue9lV0w==",
      "dev": true
    }
  }
}
